
Microsoft Visual Studio Solution File, Format Version 12.00
# Visual Studio 15
VisualStudioVersion = 15.0.28010.2046
MinimumVisualStudioVersion = 10.0.40219.1
Project("{2150E333-8FDC-42A3-9474-1A3956D46DE8}") = "Infrastructure", "Infrastructure", "{B143165C-FC66-4701-B576-BDF03AB4BE2D}"
EndProject
Project("{9A19103F-16F7-4668-BE54-9A1E7A4F7556}") = "Bryan.Base", "Bryan.WebApi\Bryan.Base.csproj", "{DA37D243-B86C-4B7C-B0A4-9D574AB13144}"
EndProject
Project("{9A19103F-16F7-4668-BE54-9A1E7A4F7556}") = "Bryan.BaseService", "BryanWu.Domain\Bryan.BaseService.csproj", "{AF5F1675-BBC6-4085-BA90-C67C87F2FF06}"
EndProject
Project("{2150E333-8FDC-42A3-9474-1A3956D46DE8}") = "UnitTest", "UnitTest", "{7788916E-8B63-4D2F-8261-E7225C6A4F45}"
EndProject
Project("{9A19103F-16F7-4668-BE54-9A1E7A4F7556}") = "Bryan.Test", "Bryan.Test\Bryan.Test.csproj", "{3EC90882-25BD-4548-BF3A-82887C676A57}"
EndProject
Project("{9A19103F-16F7-4668-BE54-9A1E7A4F7556}") = "Bryan.Common", "Bryan.Common\Bryan.Common.csproj", "{390305F2-FA2A-4B54-9072-5E3C4A9E49CF}"
EndProject
Project("{9A19103F-16F7-4668-BE54-9A1E7A4F7556}") = "HF.Goods", "HF.Goods\HF.Goods.csproj", "{A5064901-D903-4C1C-A6E0-D41E2CF96BA1}"
EndProject
Project("{2150E333-8FDC-42A3-9474-1A3956D46DE8}") = "Gateway", "Gateway", "{6DFF0A8A-E7E8-4259-9846-394C935A65CB}"
EndProject
Project("{9A19103F-16F7-4668-BE54-9A1E7A4F7556}") = "Bryan.Gateway", "Bryan.Gateway\Bryan.Gateway.csproj", "{A89332EE-6283-4AB6-AD38-76D8109991E5}"
EndProject
Project("{9A19103F-16F7-4668-BE54-9A1E7A4F7556}") = "Bryan.MicroService", "Bryan.MicroService\Bryan.MicroService.csproj", "{3D18BED3-5FAD-4D38-AA59-1F49C5682298}"
EndProject
Project("{2150E333-8FDC-42A3-9474-1A3956D46DE8}") = "GoodsService", "GoodsService", "{696B4626-5FB6-4B61-A702-D52DF6B8D729}"
EndProject
Project("{2150E333-8FDC-42A3-9474-1A3956D46DE8}") = "BaseService", "BaseService", "{F8D712D3-23AC-4C6F-9410-78F80DBE3979}"
EndProject
Project("{FAE04EC0-301F-11D3-BF4B-00C04F79EFBC}") = "HF.GoodsService", "HF.GoodsService\HF.GoodsService.csproj", "{AD1A96FC-C494-4697-BC6B-6F11EE0606CD}"
EndProject
Global
	GlobalSection(SolutionConfigurationPlatforms) = preSolution
		Debug|Any CPU = Debug|Any CPU
		Debug|ARM = Debug|ARM
		Debug|x64 = Debug|x64
		Debug|x86 = Debug|x86
		Release|Any CPU = Release|Any CPU
		Release|ARM = Release|ARM
		Release|x64 = Release|x64
		Release|x86 = Release|x86
	EndGlobalSection
	GlobalSection(ProjectConfigurationPlatforms) = postSolution
		{DA37D243-B86C-4B7C-B0A4-9D574AB13144}.Debug|Any CPU.ActiveCfg = Debug|Any CPU
		{DA37D243-B86C-4B7C-B0A4-9D574AB13144}.Debug|Any CPU.Build.0 = Debug|Any CPU
		{DA37D243-B86C-4B7C-B0A4-9D574AB13144}.Debug|ARM.ActiveCfg = Debug|Any CPU
		{DA37D243-B86C-4B7C-B0A4-9D574AB13144}.Debug|ARM.Build.0 = Debug|Any CPU
		{DA37D243-B86C-4B7C-B0A4-9D574AB13144}.Debug|x64.ActiveCfg = Debug|Any CPU
		{DA37D243-B86C-4B7C-B0A4-9D574AB13144}.Debug|x64.Build.0 = Debug|Any CPU
		{DA37D243-B86C-4B7C-B0A4-9D574AB13144}.Debug|x86.ActiveCfg = Debug|Any CPU
		{DA37D243-B86C-4B7C-B0A4-9D574AB13144}.Debug|x86.Build.0 = Debug|Any CPU
		{DA37D243-B86C-4B7C-B0A4-9D574AB13144}.Release|Any CPU.ActiveCfg = Release|Any CPU
		{DA37D243-B86C-4B7C-B0A4-9D574AB13144}.Release|Any CPU.Build.0 = Release|Any CPU
		{DA37D243-B86C-4B7C-B0A4-9D574AB13144}.Release|ARM.ActiveCfg = Release|Any CPU
		{DA37D243-B86C-4B7C-B0A4-9D574AB13144}.Release|ARM.Build.0 = Release|Any CPU
		{DA37D243-B86C-4B7C-B0A4-9D574AB13144}.Release|x64.ActiveCfg = Release|Any CPU
		{DA37D243-B86C-4B7C-B0A4-9D574AB13144}.Release|x64.Build.0 = Release|Any CPU
		{DA37D243-B86C-4B7C-B0A4-9D574AB13144}.Release|x86.ActiveCfg = Release|Any CPU
		{DA37D243-B86C-4B7C-B0A4-9D574AB13144}.Release|x86.Build.0 = Release|Any CPU
		{AF5F1675-BBC6-4085-BA90-C67C87F2FF06}.Debug|Any CPU.ActiveCfg = Debug|Any CPU
		{AF5F1675-BBC6-4085-BA90-C67C87F2FF06}.Debug|Any CPU.Build.0 = Debug|Any CPU
		{AF5F1675-BBC6-4085-BA90-C67C87F2FF06}.Debug|ARM.ActiveCfg = Debug|Any CPU
		{AF5F1675-BBC6-4085-BA90-C67C87F2FF06}.Debug|ARM.Build.0 = Debug|Any CPU
		{AF5F1675-BBC6-4085-BA90-C67C87F2FF06}.Debug|x64.ActiveCfg = Debug|Any CPU
		{AF5F1675-BBC6-4085-BA90-C67C87F2FF06}.Debug|x64.Build.0 = Debug|Any CPU
		{AF5F1675-BBC6-4085-BA90-C67C87F2FF06}.Debug|x86.ActiveCfg = Debug|Any CPU
		{AF5F1675-BBC6-4085-BA90-C67C87F2FF06}.Debug|x86.Build.0 = Debug|Any CPU
		{AF5F1675-BBC6-4085-BA90-C67C87F2FF06}.Release|Any CPU.ActiveCfg = Release|Any CPU
		{AF5F1675-BBC6-4085-BA90-C67C87F2FF06}.Release|Any CPU.Build.0 = Release|Any CPU
		{AF5F1675-BBC6-4085-BA90-C67C87F2FF06}.Release|ARM.ActiveCfg = Release|Any CPU
		{AF5F1675-BBC6-4085-BA90-C67C87F2FF06}.Release|ARM.Build.0 = Release|Any CPU
		{AF5F1675-BBC6-4085-BA90-C67C87F2FF06}.Release|x64.ActiveCfg = Release|Any CPU
		{AF5F1675-BBC6-4085-BA90-C67C87F2FF06}.Release|x64.Build.0 = Release|Any CPU
		{AF5F1675-BBC6-4085-BA90-C67C87F2FF06}.Release|x86.ActiveCfg = Release|Any CPU
		{AF5F1675-BBC6-4085-BA90-C67C87F2FF06}.Release|x86.Build.0 = Release|Any CPU
		{3EC90882-25BD-4548-BF3A-82887C676A57}.Debug|Any CPU.ActiveCfg = Debug|Any CPU
		{3EC90882-25BD-4548-BF3A-82887C676A57}.Debug|Any CPU.Build.0 = Debug|Any CPU
		{3EC90882-25BD-4548-BF3A-82887C676A57}.Debug|ARM.ActiveCfg = Debug|Any CPU
		{3EC90882-25BD-4548-BF3A-82887C676A57}.Debug|ARM.Build.0 = Debug|Any CPU
		{3EC90882-25BD-4548-BF3A-82887C676A57}.Debug|x64.ActiveCfg = Debug|Any CPU
		{3EC90882-25BD-4548-BF3A-82887C676A57}.Debug|x64.Build.0 = Debug|Any CPU
		{3EC90882-25BD-4548-BF3A-82887C676A57}.Debug|x86.ActiveCfg = Debug|Any CPU
		{3EC90882-25BD-4548-BF3A-82887C676A57}.Debug|x86.Build.0 = Debug|Any CPU
		{3EC90882-25BD-4548-BF3A-82887C676A57}.Release|Any CPU.ActiveCfg = Release|Any CPU
		{3EC90882-25BD-4548-BF3A-82887C676A57}.Release|Any CPU.Build.0 = Release|Any CPU
		{3EC90882-25BD-4548-BF3A-82887C676A57}.Release|ARM.ActiveCfg = Release|Any CPU
		{3EC90882-25BD-4548-BF3A-82887C676A57}.Release|ARM.Build.0 = Release|Any CPU
		{3EC90882-25BD-4548-BF3A-82887C676A57}.Release|x64.ActiveCfg = Release|Any CPU
		{3EC90882-25BD-4548-BF3A-82887C676A57}.Release|x64.Build.0 = Release|Any CPU
		{3EC90882-25BD-4548-BF3A-82887C676A57}.Release|x86.ActiveCfg = Release|Any CPU
		{3EC90882-25BD-4548-BF3A-82887C676A57}.Release|x86.Build.0 = Release|Any CPU
		{390305F2-FA2A-4B54-9072-5E3C4A9E49CF}.Debug|Any CPU.ActiveCfg = Debug|Any CPU
		{390305F2-FA2A-4B54-9072-5E3C4A9E49CF}.Debug|Any CPU.Build.0 = Debug|Any CPU
		{390305F2-FA2A-4B54-9072-5E3C4A9E49CF}.Debug|ARM.ActiveCfg = Debug|Any CPU
		{390305F2-FA2A-4B54-9072-5E3C4A9E49CF}.Debug|ARM.Build.0 = Debug|Any CPU
		{390305F2-FA2A-4B54-9072-5E3C4A9E49CF}.Debug|x64.ActiveCfg = Debug|Any CPU
		{390305F2-FA2A-4B54-9072-5E3C4A9E49CF}.Debug|x64.Build.0 = Debug|Any CPU
		{390305F2-FA2A-4B54-9072-5E3C4A9E49CF}.Debug|x86.ActiveCfg = Debug|Any CPU
		{390305F2-FA2A-4B54-9072-5E3C4A9E49CF}.Debug|x86.Build.0 = Debug|Any CPU
		{390305F2-FA2A-4B54-9072-5E3C4A9E49CF}.Release|Any CPU.ActiveCfg = Release|Any CPU
		{390305F2-FA2A-4B54-9072-5E3C4A9E49CF}.Release|Any CPU.Build.0 = Release|Any CPU
		{390305F2-FA2A-4B54-9072-5E3C4A9E49CF}.Release|ARM.ActiveCfg = Release|Any CPU
		{390305F2-FA2A-4B54-9072-5E3C4A9E49CF}.Release|ARM.Build.0 = Release|Any CPU
		{390305F2-FA2A-4B54-9072-5E3C4A9E49CF}.Release|x64.ActiveCfg = Release|Any CPU
		{390305F2-FA2A-4B54-9072-5E3C4A9E49CF}.Release|x64.Build.0 = Release|Any CPU
		{390305F2-FA2A-4B54-9072-5E3C4A9E49CF}.Release|x86.ActiveCfg = Release|Any CPU
		{390305F2-FA2A-4B54-9072-5E3C4A9E49CF}.Release|x86.Build.0 = Release|Any CPU
		{A5064901-D903-4C1C-A6E0-D41E2CF96BA1}.Debug|Any CPU.ActiveCfg = Debug|Any CPU
		{A5064901-D903-4C1C-A6E0-D41E2CF96BA1}.Debug|Any CPU.Build.0 = Debug|Any CPU
		{A5064901-D903-4C1C-A6E0-D41E2CF96BA1}.Debug|ARM.ActiveCfg = Debug|Any CPU
		{A5064901-D903-4C1C-A6E0-D41E2CF96BA1}.Debug|ARM.Build.0 = Debug|Any CPU
		{A5064901-D903-4C1C-A6E0-D41E2CF96BA1}.Debug|x64.ActiveCfg = Debug|Any CPU
		{A5064901-D903-4C1C-A6E0-D41E2CF96BA1}.Debug|x64.Build.0 = Debug|Any CPU
		{A5064901-D903-4C1C-A6E0-D41E2CF96BA1}.Debug|x86.ActiveCfg = Debug|Any CPU
		{A5064901-D903-4C1C-A6E0-D41E2CF96BA1}.Debug|x86.Build.0 = Debug|Any CPU
		{A5064901-D903-4C1C-A6E0-D41E2CF96BA1}.Release|Any CPU.ActiveCfg = Release|Any CPU
		{A5064901-D903-4C1C-A6E0-D41E2CF96BA1}.Release|Any CPU.Build.0 = Release|Any CPU
		{A5064901-D903-4C1C-A6E0-D41E2CF96BA1}.Release|ARM.ActiveCfg = Release|Any CPU
		{A5064901-D903-4C1C-A6E0-D41E2CF96BA1}.Release|ARM.Build.0 = Release|Any CPU
		{A5064901-D903-4C1C-A6E0-D41E2CF96BA1}.Release|x64.ActiveCfg = Release|Any CPU
		{A5064901-D903-4C1C-A6E0-D41E2CF96BA1}.Release|x64.Build.0 = Release|Any CPU
		{A5064901-D903-4C1C-A6E0-D41E2CF96BA1}.Release|x86.ActiveCfg = Release|Any CPU
		{A5064901-D903-4C1C-A6E0-D41E2CF96BA1}.Release|x86.Build.0 = Release|Any CPU
		{A89332EE-6283-4AB6-AD38-76D8109991E5}.Debug|Any CPU.ActiveCfg = Debug|Any CPU
		{A89332EE-6283-4AB6-AD38-76D8109991E5}.Debug|Any CPU.Build.0 = Debug|Any CPU
		{A89332EE-6283-4AB6-AD38-76D8109991E5}.Debug|ARM.ActiveCfg = Debug|Any CPU
		{A89332EE-6283-4AB6-AD38-76D8109991E5}.Debug|ARM.Build.0 = Debug|Any CPU
		{A89332EE-6283-4AB6-AD38-76D8109991E5}.Debug|x64.ActiveCfg = Debug|Any CPU
		{A89332EE-6283-4AB6-AD38-76D8109991E5}.Debug|x64.Build.0 = Debug|Any CPU
		{A89332EE-6283-4AB6-AD38-76D8109991E5}.Debug|x86.ActiveCfg = Debug|Any CPU
		{A89332EE-6283-4AB6-AD38-76D8109991E5}.Debug|x86.Build.0 = Debug|Any CPU
		{A89332EE-6283-4AB6-AD38-76D8109991E5}.Release|Any CPU.ActiveCfg = Release|Any CPU
		{A89332EE-6283-4AB6-AD38-76D8109991E5}.Release|Any CPU.Build.0 = Release|Any CPU
		{A89332EE-6283-4AB6-AD38-76D8109991E5}.Release|ARM.ActiveCfg = Release|Any CPU
		{A89332EE-6283-4AB6-AD38-76D8109991E5}.Release|ARM.Build.0 = Release|Any CPU
		{A89332EE-6283-4AB6-AD38-76D8109991E5}.Release|x64.ActiveCfg = Release|Any CPU
		{A89332EE-6283-4AB6-AD38-76D8109991E5}.Release|x64.Build.0 = Release|Any CPU
		{A89332EE-6283-4AB6-AD38-76D8109991E5}.Release|x86.ActiveCfg = Release|Any CPU
		{A89332EE-6283-4AB6-AD38-76D8109991E5}.Release|x86.Build.0 = Release|Any CPU
		{3D18BED3-5FAD-4D38-AA59-1F49C5682298}.Debug|Any CPU.ActiveCfg = Debug|Any CPU
		{3D18BED3-5FAD-4D38-AA59-1F49C5682298}.Debug|Any CPU.Build.0 = Debug|Any CPU
		{3D18BED3-5FAD-4D38-AA59-1F49C5682298}.Debug|ARM.ActiveCfg = Debug|Any CPU
		{3D18BED3-5FAD-4D38-AA59-1F49C5682298}.Debug|ARM.Build.0 = Debug|Any CPU
		{3D18BED3-5FAD-4D38-AA59-1F49C5682298}.Debug|x64.ActiveCfg = Debug|Any CPU
		{3D18BED3-5FAD-4D38-AA59-1F49C5682298}.Debug|x64.Build.0 = Debug|Any CPU
		{3D18BED3-5FAD-4D38-AA59-1F49C5682298}.Debug|x86.ActiveCfg = Debug|Any CPU
		{3D18BED3-5FAD-4D38-AA59-1F49C5682298}.Debug|x86.Build.0 = Debug|Any CPU
		{3D18BED3-5FAD-4D38-AA59-1F49C5682298}.Release|Any CPU.ActiveCfg = Release|Any CPU
		{3D18BED3-5FAD-4D38-AA59-1F49C5682298}.Release|Any CPU.Build.0 = Release|Any CPU
		{3D18BED3-5FAD-4D38-AA59-1F49C5682298}.Release|ARM.ActiveCfg = Release|Any CPU
		{3D18BED3-5FAD-4D38-AA59-1F49C5682298}.Release|ARM.Build.0 = Release|Any CPU
		{3D18BED3-5FAD-4D38-AA59-1F49C5682298}.Release|x64.ActiveCfg = Release|Any CPU
		{3D18BED3-5FAD-4D38-AA59-1F49C5682298}.Release|x64.Build.0 = Release|Any CPU
		{3D18BED3-5FAD-4D38-AA59-1F49C5682298}.Release|x86.ActiveCfg = Release|Any CPU
		{3D18BED3-5FAD-4D38-AA59-1F49C5682298}.Release|x86.Build.0 = Release|Any CPU
		{AD1A96FC-C494-4697-BC6B-6F11EE0606CD}.Debug|Any CPU.ActiveCfg = Debug|Any CPU
		{AD1A96FC-C494-4697-BC6B-6F11EE0606CD}.Debug|Any CPU.Build.0 = Debug|Any CPU
		{AD1A96FC-C494-4697-BC6B-6F11EE0606CD}.Debug|ARM.ActiveCfg = Debug|Any CPU
		{AD1A96FC-C494-4697-BC6B-6F11EE0606CD}.Debug|ARM.Build.0 = Debug|Any CPU
		{AD1A96FC-C494-4697-BC6B-6F11EE0606CD}.Debug|x64.ActiveCfg = Debug|Any CPU
		{AD1A96FC-C494-4697-BC6B-6F11EE0606CD}.Debug|x64.Build.0 = Debug|Any CPU
		{AD1A96FC-C494-4697-BC6B-6F11EE0606CD}.Debug|x86.ActiveCfg = Debug|Any CPU
		{AD1A96FC-C494-4697-BC6B-6F11EE0606CD}.Debug|x86.Build.0 = Debug|Any CPU
		{AD1A96FC-C494-4697-BC6B-6F11EE0606CD}.Release|Any CPU.ActiveCfg = Release|Any CPU
		{AD1A96FC-C494-4697-BC6B-6F11EE0606CD}.Release|Any CPU.Build.0 = Release|Any CPU
		{AD1A96FC-C494-4697-BC6B-6F11EE0606CD}.Release|ARM.ActiveCfg = Release|Any CPU
		{AD1A96FC-C494-4697-BC6B-6F11EE0606CD}.Release|ARM.Build.0 = Release|Any CPU
		{AD1A96FC-C494-4697-BC6B-6F11EE0606CD}.Release|x64.ActiveCfg = Release|Any CPU
		{AD1A96FC-C494-4697-BC6B-6F11EE0606CD}.Release|x64.Build.0 = Release|Any CPU
		{AD1A96FC-C494-4697-BC6B-6F11EE0606CD}.Release|x86.ActiveCfg = Release|Any CPU
		{AD1A96FC-C494-4697-BC6B-6F11EE0606CD}.Release|x86.Build.0 = Release|Any CPU
	EndGlobalSection
	GlobalSection(SolutionProperties) = preSolution
		HideSolutionNode = FALSE
	EndGlobalSection
	GlobalSection(NestedProjects) = preSolution
		{DA37D243-B86C-4B7C-B0A4-9D574AB13144} = {F8D712D3-23AC-4C6F-9410-78F80DBE3979}
		{AF5F1675-BBC6-4085-BA90-C67C87F2FF06} = {F8D712D3-23AC-4C6F-9410-78F80DBE3979}
		{3EC90882-25BD-4548-BF3A-82887C676A57} = {7788916E-8B63-4D2F-8261-E7225C6A4F45}
		{390305F2-FA2A-4B54-9072-5E3C4A9E49CF} = {B143165C-FC66-4701-B576-BDF03AB4BE2D}
		{A5064901-D903-4C1C-A6E0-D41E2CF96BA1} = {696B4626-5FB6-4B61-A702-D52DF6B8D729}
		{A89332EE-6283-4AB6-AD38-76D8109991E5} = {6DFF0A8A-E7E8-4259-9846-394C935A65CB}
		{3D18BED3-5FAD-4D38-AA59-1F49C5682298} = {B143165C-FC66-4701-B576-BDF03AB4BE2D}
		{AD1A96FC-C494-4697-BC6B-6F11EE0606CD} = {696B4626-5FB6-4B61-A702-D52DF6B8D729}
	EndGlobalSection
	GlobalSection(ExtensibilityGlobals) = postSolution
		SolutionGuid = {5103C382-C56F-4BF8-8C70-359A10986121}
	EndGlobalSection
EndGlobal
