
Microsoft Visual Studio Solution File, Format Version 12.00
# Visual Studio 15
VisualStudioVersion = 15.0.28010.2046
MinimumVisualStudioVersion = 10.0.40219.1
Project("{2150E333-8FDC-42A3-9474-1A3956D46DE8}") = "Infrastructure", "Infrastructure", "{B143165C-FC66-4701-B576-BDF03AB4BE2D}"
EndProject
Project("{2150E333-8FDC-42A3-9474-1A3956D46DE8}") = "Domain", "Domain", "{102223D9-6576-43E6-B53F-B3A9C24D05C7}"
EndProject
Project("{2150E333-8FDC-42A3-9474-1A3956D46DE8}") = "Ul", "Ul", "{E17C483F-C71E-4DE3-955D-87B7D81DAC4F}"
EndProject
Project("{2150E333-8FDC-42A3-9474-1A3956D46DE8}") = "Application", "Application", "{5E7D5232-55E6-4C14-80F9-A8DBBE943421}"
EndProject
Project("{9A19103F-16F7-4668-BE54-9A1E7A4F7556}") = "Common.Infrastructure", "Common.Infrastructure\Common.Infrastructure.csproj", "{3B4ED4B8-7D88-408B-BE6D-2C4FDB197235}"
EndProject
Project("{9A19103F-16F7-4668-BE54-9A1E7A4F7556}") = "Lib", "Lib\Lib.csproj", "{5A8B4103-2DDD-4975-9EF3-11A8484C9646}"
EndProject
Project("{9A19103F-16F7-4668-BE54-9A1E7A4F7556}") = "Bryan.Domain", "Bryan.Domain\Bryan.Domain.csproj", "{51069F79-7F40-4B2E-8CFE-0888708A7DE8}"
EndProject
Project("{9A19103F-16F7-4668-BE54-9A1E7A4F7556}") = "Bryan.WebApi", "Bryan.WebApi\Bryan.WebApi.csproj", "{DA37D243-B86C-4B7C-B0A4-9D574AB13144}"
EndProject
Project("{9A19103F-16F7-4668-BE54-9A1E7A4F7556}") = "Bryan.Mvc", "Bryan.Mvc\Bryan.Mvc.csproj", "{DFE6D295-9C36-445A-ACAA-5154A8AEA463}"
EndProject
Project("{9A19103F-16F7-4668-BE54-9A1E7A4F7556}") = "Bryan.App", "Bryan.App\Bryan.App.csproj", "{5967F0BF-63FC-403A-A995-E3F99512930F}"
EndProject
Project("{FAE04EC0-301F-11D3-BF4B-00C04F79EFBC}") = "Common", "Common\Common.csproj", "{54F22720-2BD6-40F3-A64B-CE92F3F19067}"
EndProject
Project("{FAE04EC0-301F-11D3-BF4B-00C04F79EFBC}") = "BryanWu.Domain", "BryanWu.Domain\BryanWu.Domain.csproj", "{AF5F1675-BBC6-4085-BA90-C67C87F2FF06}"
EndProject
Project("{FAE04EC0-301F-11D3-BF4B-00C04F79EFBC}") = "BryanWu.Application", "BryanWu.Application\BryanWu.Application.csproj", "{8A6BEDC9-3D54-4308-BE7E-2119A60E2231}"
EndProject
Global
	GlobalSection(SolutionConfigurationPlatforms) = preSolution
		Debug|Any CPU = Debug|Any CPU
		Release|Any CPU = Release|Any CPU
	EndGlobalSection
	GlobalSection(ProjectConfigurationPlatforms) = postSolution
		{3B4ED4B8-7D88-408B-BE6D-2C4FDB197235}.Debug|Any CPU.ActiveCfg = Debug|Any CPU
		{3B4ED4B8-7D88-408B-BE6D-2C4FDB197235}.Debug|Any CPU.Build.0 = Debug|Any CPU
		{3B4ED4B8-7D88-408B-BE6D-2C4FDB197235}.Release|Any CPU.ActiveCfg = Release|Any CPU
		{3B4ED4B8-7D88-408B-BE6D-2C4FDB197235}.Release|Any CPU.Build.0 = Release|Any CPU
		{5A8B4103-2DDD-4975-9EF3-11A8484C9646}.Debug|Any CPU.ActiveCfg = Debug|Any CPU
		{5A8B4103-2DDD-4975-9EF3-11A8484C9646}.Debug|Any CPU.Build.0 = Debug|Any CPU
		{5A8B4103-2DDD-4975-9EF3-11A8484C9646}.Release|Any CPU.ActiveCfg = Release|Any CPU
		{5A8B4103-2DDD-4975-9EF3-11A8484C9646}.Release|Any CPU.Build.0 = Release|Any CPU
		{51069F79-7F40-4B2E-8CFE-0888708A7DE8}.Debug|Any CPU.ActiveCfg = Debug|Any CPU
		{51069F79-7F40-4B2E-8CFE-0888708A7DE8}.Debug|Any CPU.Build.0 = Debug|Any CPU
		{51069F79-7F40-4B2E-8CFE-0888708A7DE8}.Release|Any CPU.ActiveCfg = Release|Any CPU
		{51069F79-7F40-4B2E-8CFE-0888708A7DE8}.Release|Any CPU.Build.0 = Release|Any CPU
		{DA37D243-B86C-4B7C-B0A4-9D574AB13144}.Debug|Any CPU.ActiveCfg = Debug|Any CPU
		{DA37D243-B86C-4B7C-B0A4-9D574AB13144}.Debug|Any CPU.Build.0 = Debug|Any CPU
		{DA37D243-B86C-4B7C-B0A4-9D574AB13144}.Release|Any CPU.ActiveCfg = Release|Any CPU
		{DA37D243-B86C-4B7C-B0A4-9D574AB13144}.Release|Any CPU.Build.0 = Release|Any CPU
		{DFE6D295-9C36-445A-ACAA-5154A8AEA463}.Debug|Any CPU.ActiveCfg = Debug|Any CPU
		{DFE6D295-9C36-445A-ACAA-5154A8AEA463}.Debug|Any CPU.Build.0 = Debug|Any CPU
		{DFE6D295-9C36-445A-ACAA-5154A8AEA463}.Release|Any CPU.ActiveCfg = Release|Any CPU
		{DFE6D295-9C36-445A-ACAA-5154A8AEA463}.Release|Any CPU.Build.0 = Release|Any CPU
		{5967F0BF-63FC-403A-A995-E3F99512930F}.Debug|Any CPU.ActiveCfg = Debug|Any CPU
		{5967F0BF-63FC-403A-A995-E3F99512930F}.Debug|Any CPU.Build.0 = Debug|Any CPU
		{5967F0BF-63FC-403A-A995-E3F99512930F}.Release|Any CPU.ActiveCfg = Release|Any CPU
		{5967F0BF-63FC-403A-A995-E3F99512930F}.Release|Any CPU.Build.0 = Release|Any CPU
		{54F22720-2BD6-40F3-A64B-CE92F3F19067}.Debug|Any CPU.ActiveCfg = Debug|Any CPU
		{54F22720-2BD6-40F3-A64B-CE92F3F19067}.Debug|Any CPU.Build.0 = Debug|Any CPU
		{54F22720-2BD6-40F3-A64B-CE92F3F19067}.Release|Any CPU.ActiveCfg = Release|Any CPU
		{54F22720-2BD6-40F3-A64B-CE92F3F19067}.Release|Any CPU.Build.0 = Release|Any CPU
		{AF5F1675-BBC6-4085-BA90-C67C87F2FF06}.Debug|Any CPU.ActiveCfg = Debug|Any CPU
		{AF5F1675-BBC6-4085-BA90-C67C87F2FF06}.Debug|Any CPU.Build.0 = Debug|Any CPU
		{AF5F1675-BBC6-4085-BA90-C67C87F2FF06}.Release|Any CPU.ActiveCfg = Release|Any CPU
		{AF5F1675-BBC6-4085-BA90-C67C87F2FF06}.Release|Any CPU.Build.0 = Release|Any CPU
		{8A6BEDC9-3D54-4308-BE7E-2119A60E2231}.Debug|Any CPU.ActiveCfg = Debug|Any CPU
		{8A6BEDC9-3D54-4308-BE7E-2119A60E2231}.Debug|Any CPU.Build.0 = Debug|Any CPU
		{8A6BEDC9-3D54-4308-BE7E-2119A60E2231}.Release|Any CPU.ActiveCfg = Release|Any CPU
		{8A6BEDC9-3D54-4308-BE7E-2119A60E2231}.Release|Any CPU.Build.0 = Release|Any CPU
	EndGlobalSection
	GlobalSection(SolutionProperties) = preSolution
		HideSolutionNode = FALSE
	EndGlobalSection
	GlobalSection(NestedProjects) = preSolution
		{3B4ED4B8-7D88-408B-BE6D-2C4FDB197235} = {B143165C-FC66-4701-B576-BDF03AB4BE2D}
		{51069F79-7F40-4B2E-8CFE-0888708A7DE8} = {102223D9-6576-43E6-B53F-B3A9C24D05C7}
		{DA37D243-B86C-4B7C-B0A4-9D574AB13144} = {E17C483F-C71E-4DE3-955D-87B7D81DAC4F}
		{DFE6D295-9C36-445A-ACAA-5154A8AEA463} = {E17C483F-C71E-4DE3-955D-87B7D81DAC4F}
		{5967F0BF-63FC-403A-A995-E3F99512930F} = {5E7D5232-55E6-4C14-80F9-A8DBBE943421}
		{54F22720-2BD6-40F3-A64B-CE92F3F19067} = {B143165C-FC66-4701-B576-BDF03AB4BE2D}
		{AF5F1675-BBC6-4085-BA90-C67C87F2FF06} = {102223D9-6576-43E6-B53F-B3A9C24D05C7}
		{8A6BEDC9-3D54-4308-BE7E-2119A60E2231} = {5E7D5232-55E6-4C14-80F9-A8DBBE943421}
	EndGlobalSection
	GlobalSection(ExtensibilityGlobals) = postSolution
		SolutionGuid = {5103C382-C56F-4BF8-8C70-359A10986121}
	EndGlobalSection
EndGlobal
