
Microsoft Visual Studio Solution File, Format Version 12.00
# Visual Studio 15
VisualStudioVersion = 15.0.28010.2046
MinimumVisualStudioVersion = 10.0.40219.1
Project("{2150E333-8FDC-42A3-9474-1A3956D46DE8}") = "Infrastructure", "Infrastructure", "{B143165C-FC66-4701-B576-BDF03AB4BE2D}"
EndProject
Project("{2150E333-8FDC-42A3-9474-1A3956D46DE8}") = "Domain", "Domain", "{102223D9-6576-43E6-B53F-B3A9C24D05C7}"
EndProject
Project("{2150E333-8FDC-42A3-9474-1A3956D46DE8}") = "Service", "Service", "{E17C483F-C71E-4DE3-955D-87B7D81DAC4F}"
EndProject
Project("{2150E333-8FDC-42A3-9474-1A3956D46DE8}") = "Application", "Application", "{5E7D5232-55E6-4C14-80F9-A8DBBE943421}"
EndProject
Project("{9A19103F-16F7-4668-BE54-9A1E7A4F7556}") = "Bryan.WebApi", "Bryan.WebApi\Bryan.WebApi.csproj", "{DA37D243-B86C-4B7C-B0A4-9D574AB13144}"
EndProject
Project("{9A19103F-16F7-4668-BE54-9A1E7A4F7556}") = "BryanWu.Domain", "BryanWu.Domain\BryanWu.Domain.csproj", "{AF5F1675-BBC6-4085-BA90-C67C87F2FF06}"
EndProject
Project("{9A19103F-16F7-4668-BE54-9A1E7A4F7556}") = "BryanWu.Application", "BryanWu.Application\BryanWu.Application.csproj", "{8A6BEDC9-3D54-4308-BE7E-2119A60E2231}"
EndProject
Project("{2150E333-8FDC-42A3-9474-1A3956D46DE8}") = "UnitTest", "UnitTest", "{7788916E-8B63-4D2F-8261-E7225C6A4F45}"
EndProject
Project("{9A19103F-16F7-4668-BE54-9A1E7A4F7556}") = "Bryan.Test", "Bryan.Test\Bryan.Test.csproj", "{3EC90882-25BD-4548-BF3A-82887C676A57}"
EndProject
Project("{9A19103F-16F7-4668-BE54-9A1E7A4F7556}") = "Bryan.Common", "Bryan.Common\Bryan.Common.csproj", "{390305F2-FA2A-4B54-9072-5E3C4A9E49CF}"
EndProject
Project("{9A19103F-16F7-4668-BE54-9A1E7A4F7556}") = "HF.Goods", "HF.Goods\HF.Goods.csproj", "{FD6BEA06-43D0-468C-93F3-90E6BE2B56C6}"
EndProject
Project("{FAE04EC0-301F-11D3-BF4B-00C04F79EFBC}") = "HF.Order", "HF.Order\HF.Order.csproj", "{91228803-5793-41B6-BA9F-C949C7BC4FFC}"
EndProject
Global
	GlobalSection(SolutionConfigurationPlatforms) = preSolution
		Debug|Any CPU = Debug|Any CPU
		Debug|ARM = Debug|ARM
		Debug|x64 = Debug|x64
		Debug|x86 = Debug|x86
		Release|Any CPU = Release|Any CPU
		Release|ARM = Release|ARM
		Release|x64 = Release|x64
		Release|x86 = Release|x86
	EndGlobalSection
	GlobalSection(ProjectConfigurationPlatforms) = postSolution
		{DA37D243-B86C-4B7C-B0A4-9D574AB13144}.Debug|Any CPU.ActiveCfg = Debug|Any CPU
		{DA37D243-B86C-4B7C-B0A4-9D574AB13144}.Debug|Any CPU.Build.0 = Debug|Any CPU
		{DA37D243-B86C-4B7C-B0A4-9D574AB13144}.Debug|ARM.ActiveCfg = Debug|Any CPU
		{DA37D243-B86C-4B7C-B0A4-9D574AB13144}.Debug|ARM.Build.0 = Debug|Any CPU
		{DA37D243-B86C-4B7C-B0A4-9D574AB13144}.Debug|x64.ActiveCfg = Debug|Any CPU
		{DA37D243-B86C-4B7C-B0A4-9D574AB13144}.Debug|x64.Build.0 = Debug|Any CPU
		{DA37D243-B86C-4B7C-B0A4-9D574AB13144}.Debug|x86.ActiveCfg = Debug|Any CPU
		{DA37D243-B86C-4B7C-B0A4-9D574AB13144}.Debug|x86.Build.0 = Debug|Any CPU
		{DA37D243-B86C-4B7C-B0A4-9D574AB13144}.Release|Any CPU.ActiveCfg = Release|Any CPU
		{DA37D243-B86C-4B7C-B0A4-9D574AB13144}.Release|Any CPU.Build.0 = Release|Any CPU
		{DA37D243-B86C-4B7C-B0A4-9D574AB13144}.Release|ARM.ActiveCfg = Release|Any CPU
		{DA37D243-B86C-4B7C-B0A4-9D574AB13144}.Release|ARM.Build.0 = Release|Any CPU
		{DA37D243-B86C-4B7C-B0A4-9D574AB13144}.Release|x64.ActiveCfg = Release|Any CPU
		{DA37D243-B86C-4B7C-B0A4-9D574AB13144}.Release|x64.Build.0 = Release|Any CPU
		{DA37D243-B86C-4B7C-B0A4-9D574AB13144}.Release|x86.ActiveCfg = Release|Any CPU
		{DA37D243-B86C-4B7C-B0A4-9D574AB13144}.Release|x86.Build.0 = Release|Any CPU
		{AF5F1675-BBC6-4085-BA90-C67C87F2FF06}.Debug|Any CPU.ActiveCfg = Debug|Any CPU
		{AF5F1675-BBC6-4085-BA90-C67C87F2FF06}.Debug|Any CPU.Build.0 = Debug|Any CPU
		{AF5F1675-BBC6-4085-BA90-C67C87F2FF06}.Debug|ARM.ActiveCfg = Debug|Any CPU
		{AF5F1675-BBC6-4085-BA90-C67C87F2FF06}.Debug|ARM.Build.0 = Debug|Any CPU
		{AF5F1675-BBC6-4085-BA90-C67C87F2FF06}.Debug|x64.ActiveCfg = Debug|Any CPU
		{AF5F1675-BBC6-4085-BA90-C67C87F2FF06}.Debug|x64.Build.0 = Debug|Any CPU
		{AF5F1675-BBC6-4085-BA90-C67C87F2FF06}.Debug|x86.ActiveCfg = Debug|Any CPU
		{AF5F1675-BBC6-4085-BA90-C67C87F2FF06}.Debug|x86.Build.0 = Debug|Any CPU
		{AF5F1675-BBC6-4085-BA90-C67C87F2FF06}.Release|Any CPU.ActiveCfg = Release|Any CPU
		{AF5F1675-BBC6-4085-BA90-C67C87F2FF06}.Release|Any CPU.Build.0 = Release|Any CPU
		{AF5F1675-BBC6-4085-BA90-C67C87F2FF06}.Release|ARM.ActiveCfg = Release|Any CPU
		{AF5F1675-BBC6-4085-BA90-C67C87F2FF06}.Release|ARM.Build.0 = Release|Any CPU
		{AF5F1675-BBC6-4085-BA90-C67C87F2FF06}.Release|x64.ActiveCfg = Release|Any CPU
		{AF5F1675-BBC6-4085-BA90-C67C87F2FF06}.Release|x64.Build.0 = Release|Any CPU
		{AF5F1675-BBC6-4085-BA90-C67C87F2FF06}.Release|x86.ActiveCfg = Release|Any CPU
		{AF5F1675-BBC6-4085-BA90-C67C87F2FF06}.Release|x86.Build.0 = Release|Any CPU
		{8A6BEDC9-3D54-4308-BE7E-2119A60E2231}.Debug|Any CPU.ActiveCfg = Debug|Any CPU
		{8A6BEDC9-3D54-4308-BE7E-2119A60E2231}.Debug|Any CPU.Build.0 = Debug|Any CPU
		{8A6BEDC9-3D54-4308-BE7E-2119A60E2231}.Debug|ARM.ActiveCfg = Debug|Any CPU
		{8A6BEDC9-3D54-4308-BE7E-2119A60E2231}.Debug|ARM.Build.0 = Debug|Any CPU
		{8A6BEDC9-3D54-4308-BE7E-2119A60E2231}.Debug|x64.ActiveCfg = Debug|Any CPU
		{8A6BEDC9-3D54-4308-BE7E-2119A60E2231}.Debug|x64.Build.0 = Debug|Any CPU
		{8A6BEDC9-3D54-4308-BE7E-2119A60E2231}.Debug|x86.ActiveCfg = Debug|Any CPU
		{8A6BEDC9-3D54-4308-BE7E-2119A60E2231}.Debug|x86.Build.0 = Debug|Any CPU
		{8A6BEDC9-3D54-4308-BE7E-2119A60E2231}.Release|Any CPU.ActiveCfg = Release|Any CPU
		{8A6BEDC9-3D54-4308-BE7E-2119A60E2231}.Release|Any CPU.Build.0 = Release|Any CPU
		{8A6BEDC9-3D54-4308-BE7E-2119A60E2231}.Release|ARM.ActiveCfg = Release|Any CPU
		{8A6BEDC9-3D54-4308-BE7E-2119A60E2231}.Release|ARM.Build.0 = Release|Any CPU
		{8A6BEDC9-3D54-4308-BE7E-2119A60E2231}.Release|x64.ActiveCfg = Release|Any CPU
		{8A6BEDC9-3D54-4308-BE7E-2119A60E2231}.Release|x64.Build.0 = Release|Any CPU
		{8A6BEDC9-3D54-4308-BE7E-2119A60E2231}.Release|x86.ActiveCfg = Release|Any CPU
		{8A6BEDC9-3D54-4308-BE7E-2119A60E2231}.Release|x86.Build.0 = Release|Any CPU
		{3EC90882-25BD-4548-BF3A-82887C676A57}.Debug|Any CPU.ActiveCfg = Debug|Any CPU
		{3EC90882-25BD-4548-BF3A-82887C676A57}.Debug|Any CPU.Build.0 = Debug|Any CPU
		{3EC90882-25BD-4548-BF3A-82887C676A57}.Debug|ARM.ActiveCfg = Debug|Any CPU
		{3EC90882-25BD-4548-BF3A-82887C676A57}.Debug|ARM.Build.0 = Debug|Any CPU
		{3EC90882-25BD-4548-BF3A-82887C676A57}.Debug|x64.ActiveCfg = Debug|Any CPU
		{3EC90882-25BD-4548-BF3A-82887C676A57}.Debug|x64.Build.0 = Debug|Any CPU
		{3EC90882-25BD-4548-BF3A-82887C676A57}.Debug|x86.ActiveCfg = Debug|Any CPU
		{3EC90882-25BD-4548-BF3A-82887C676A57}.Debug|x86.Build.0 = Debug|Any CPU
		{3EC90882-25BD-4548-BF3A-82887C676A57}.Release|Any CPU.ActiveCfg = Release|Any CPU
		{3EC90882-25BD-4548-BF3A-82887C676A57}.Release|Any CPU.Build.0 = Release|Any CPU
		{3EC90882-25BD-4548-BF3A-82887C676A57}.Release|ARM.ActiveCfg = Release|Any CPU
		{3EC90882-25BD-4548-BF3A-82887C676A57}.Release|ARM.Build.0 = Release|Any CPU
		{3EC90882-25BD-4548-BF3A-82887C676A57}.Release|x64.ActiveCfg = Release|Any CPU
		{3EC90882-25BD-4548-BF3A-82887C676A57}.Release|x64.Build.0 = Release|Any CPU
		{3EC90882-25BD-4548-BF3A-82887C676A57}.Release|x86.ActiveCfg = Release|Any CPU
		{3EC90882-25BD-4548-BF3A-82887C676A57}.Release|x86.Build.0 = Release|Any CPU
		{390305F2-FA2A-4B54-9072-5E3C4A9E49CF}.Debug|Any CPU.ActiveCfg = Debug|Any CPU
		{390305F2-FA2A-4B54-9072-5E3C4A9E49CF}.Debug|Any CPU.Build.0 = Debug|Any CPU
		{390305F2-FA2A-4B54-9072-5E3C4A9E49CF}.Debug|ARM.ActiveCfg = Debug|Any CPU
		{390305F2-FA2A-4B54-9072-5E3C4A9E49CF}.Debug|ARM.Build.0 = Debug|Any CPU
		{390305F2-FA2A-4B54-9072-5E3C4A9E49CF}.Debug|x64.ActiveCfg = Debug|Any CPU
		{390305F2-FA2A-4B54-9072-5E3C4A9E49CF}.Debug|x64.Build.0 = Debug|Any CPU
		{390305F2-FA2A-4B54-9072-5E3C4A9E49CF}.Debug|x86.ActiveCfg = Debug|Any CPU
		{390305F2-FA2A-4B54-9072-5E3C4A9E49CF}.Debug|x86.Build.0 = Debug|Any CPU
		{390305F2-FA2A-4B54-9072-5E3C4A9E49CF}.Release|Any CPU.ActiveCfg = Release|Any CPU
		{390305F2-FA2A-4B54-9072-5E3C4A9E49CF}.Release|Any CPU.Build.0 = Release|Any CPU
		{390305F2-FA2A-4B54-9072-5E3C4A9E49CF}.Release|ARM.ActiveCfg = Release|Any CPU
		{390305F2-FA2A-4B54-9072-5E3C4A9E49CF}.Release|ARM.Build.0 = Release|Any CPU
		{390305F2-FA2A-4B54-9072-5E3C4A9E49CF}.Release|x64.ActiveCfg = Release|Any CPU
		{390305F2-FA2A-4B54-9072-5E3C4A9E49CF}.Release|x64.Build.0 = Release|Any CPU
		{390305F2-FA2A-4B54-9072-5E3C4A9E49CF}.Release|x86.ActiveCfg = Release|Any CPU
		{390305F2-FA2A-4B54-9072-5E3C4A9E49CF}.Release|x86.Build.0 = Release|Any CPU
		{FD6BEA06-43D0-468C-93F3-90E6BE2B56C6}.Debug|Any CPU.ActiveCfg = Debug|Any CPU
		{FD6BEA06-43D0-468C-93F3-90E6BE2B56C6}.Debug|Any CPU.Build.0 = Debug|Any CPU
		{FD6BEA06-43D0-468C-93F3-90E6BE2B56C6}.Debug|ARM.ActiveCfg = Debug|Any CPU
		{FD6BEA06-43D0-468C-93F3-90E6BE2B56C6}.Debug|ARM.Build.0 = Debug|Any CPU
		{FD6BEA06-43D0-468C-93F3-90E6BE2B56C6}.Debug|x64.ActiveCfg = Debug|Any CPU
		{FD6BEA06-43D0-468C-93F3-90E6BE2B56C6}.Debug|x64.Build.0 = Debug|Any CPU
		{FD6BEA06-43D0-468C-93F3-90E6BE2B56C6}.Debug|x86.ActiveCfg = Debug|Any CPU
		{FD6BEA06-43D0-468C-93F3-90E6BE2B56C6}.Debug|x86.Build.0 = Debug|Any CPU
		{FD6BEA06-43D0-468C-93F3-90E6BE2B56C6}.Release|Any CPU.ActiveCfg = Release|Any CPU
		{FD6BEA06-43D0-468C-93F3-90E6BE2B56C6}.Release|Any CPU.Build.0 = Release|Any CPU
		{FD6BEA06-43D0-468C-93F3-90E6BE2B56C6}.Release|ARM.ActiveCfg = Release|Any CPU
		{FD6BEA06-43D0-468C-93F3-90E6BE2B56C6}.Release|ARM.Build.0 = Release|Any CPU
		{FD6BEA06-43D0-468C-93F3-90E6BE2B56C6}.Release|x64.ActiveCfg = Release|Any CPU
		{FD6BEA06-43D0-468C-93F3-90E6BE2B56C6}.Release|x64.Build.0 = Release|Any CPU
		{FD6BEA06-43D0-468C-93F3-90E6BE2B56C6}.Release|x86.ActiveCfg = Release|Any CPU
		{FD6BEA06-43D0-468C-93F3-90E6BE2B56C6}.Release|x86.Build.0 = Release|Any CPU
		{91228803-5793-41B6-BA9F-C949C7BC4FFC}.Debug|Any CPU.ActiveCfg = Debug|Any CPU
		{91228803-5793-41B6-BA9F-C949C7BC4FFC}.Debug|Any CPU.Build.0 = Debug|Any CPU
		{91228803-5793-41B6-BA9F-C949C7BC4FFC}.Debug|ARM.ActiveCfg = Debug|Any CPU
		{91228803-5793-41B6-BA9F-C949C7BC4FFC}.Debug|ARM.Build.0 = Debug|Any CPU
		{91228803-5793-41B6-BA9F-C949C7BC4FFC}.Debug|x64.ActiveCfg = Debug|Any CPU
		{91228803-5793-41B6-BA9F-C949C7BC4FFC}.Debug|x64.Build.0 = Debug|Any CPU
		{91228803-5793-41B6-BA9F-C949C7BC4FFC}.Debug|x86.ActiveCfg = Debug|Any CPU
		{91228803-5793-41B6-BA9F-C949C7BC4FFC}.Debug|x86.Build.0 = Debug|Any CPU
		{91228803-5793-41B6-BA9F-C949C7BC4FFC}.Release|Any CPU.ActiveCfg = Release|Any CPU
		{91228803-5793-41B6-BA9F-C949C7BC4FFC}.Release|Any CPU.Build.0 = Release|Any CPU
		{91228803-5793-41B6-BA9F-C949C7BC4FFC}.Release|ARM.ActiveCfg = Release|Any CPU
		{91228803-5793-41B6-BA9F-C949C7BC4FFC}.Release|ARM.Build.0 = Release|Any CPU
		{91228803-5793-41B6-BA9F-C949C7BC4FFC}.Release|x64.ActiveCfg = Release|Any CPU
		{91228803-5793-41B6-BA9F-C949C7BC4FFC}.Release|x64.Build.0 = Release|Any CPU
		{91228803-5793-41B6-BA9F-C949C7BC4FFC}.Release|x86.ActiveCfg = Release|Any CPU
		{91228803-5793-41B6-BA9F-C949C7BC4FFC}.Release|x86.Build.0 = Release|Any CPU
	EndGlobalSection
	GlobalSection(SolutionProperties) = preSolution
		HideSolutionNode = FALSE
	EndGlobalSection
	GlobalSection(NestedProjects) = preSolution
		{DA37D243-B86C-4B7C-B0A4-9D574AB13144} = {E17C483F-C71E-4DE3-955D-87B7D81DAC4F}
		{AF5F1675-BBC6-4085-BA90-C67C87F2FF06} = {102223D9-6576-43E6-B53F-B3A9C24D05C7}
		{8A6BEDC9-3D54-4308-BE7E-2119A60E2231} = {5E7D5232-55E6-4C14-80F9-A8DBBE943421}
		{3EC90882-25BD-4548-BF3A-82887C676A57} = {7788916E-8B63-4D2F-8261-E7225C6A4F45}
		{390305F2-FA2A-4B54-9072-5E3C4A9E49CF} = {B143165C-FC66-4701-B576-BDF03AB4BE2D}
		{FD6BEA06-43D0-468C-93F3-90E6BE2B56C6} = {E17C483F-C71E-4DE3-955D-87B7D81DAC4F}
		{91228803-5793-41B6-BA9F-C949C7BC4FFC} = {E17C483F-C71E-4DE3-955D-87B7D81DAC4F}
	EndGlobalSection
	GlobalSection(ExtensibilityGlobals) = postSolution
		SolutionGuid = {5103C382-C56F-4BF8-8C70-359A10986121}
	EndGlobalSection
EndGlobal
